<?xml version="1.0" encoding="utf-8"?>
<Project ToolsVersion="4.0" xmlns="http://schemas.microsoft.com/developer/msbuild/2003">
  <ItemGroup>
    <Filter Include="Header Files">
      <UniqueIdentifier>{0663ca3d-6771-49f2-9d1b-eb0105dcd935}</UniqueIdentifier>
      <Extensions>h;hh;hpp;hxx;h++;hm;inl;inc;ipp;xsd</Extensions>
    </Filter>
    <Filter Include="Source Files">
      <UniqueIdentifier>{1bf290fc-c0b5-4512-bfa8-df9a92dbaa7e}</UniqueIdentifier>
      <Extensions>cpp;c;cc;cxx;c++;cppm;ixx;def;odl;idl;hpj;bat;asm;asmx</Extensions>
    </Filter>
  </ItemGroup>
  <ItemGroup>
    <ClCompile Include="SampleClient.cpp">
      <Filter>Source Files</Filter>
    </ClCompile>
    <ClCompile Include="ATIDAQ\ftconfig.c">
      <Filter>Source Files</Filter>
    </ClCompile>
    <ClCompile Include="ATIDAQ\dom.c">
      <Filter>Source Files</Filter>
    </ClCompile>
    <ClCompile Include="ATIDAQ\expatls.c">
      <Filter>Source Files</Filter>
    </ClCompile>
    <ClCompile Include="ATIDAQ\ftrt.c">
      <Filter>Source Files</Filter>
    </ClCompile>
    <ClCompile Include="ATIDAQ\node.c">
      <Filter>Source Files</Filter>
    </ClCompile>
    <ClCompile Include="ATIDAQ\stack.c">
      <Filter>Source Files</Filter>
    </ClCompile>
    <ClCompile Include="ATIDAQ\xmlparse.c">
      <Filter>Source Files</Filter>
    </ClCompile>
    <ClCompile Include="ATIDAQ\xmlrole.c">
      <Filter>Source Files</Filter>
    </ClCompile>
    <ClCompile Include="ATIDAQ\xmltok.c">
      <Filter>Source Files</Filter>
    </ClCompile>
    <ClCompile Include="DAQ_Force.cpp">
      <Filter>Source Files</Filter>
    </ClCompile>
  </ItemGroup>
  <ItemGroup>
    <ClInclude Include="SampleClient.h">
      <Filter>Header Files</Filter>
    </ClInclude>
    <ClInclude Include="DAQ_Force.h">
      <Filter>Header Files</Filter>
    </ClInclude>
  </ItemGroup>
</Project>